
Microsoft Visual Studio Solution File, Format Version 12.00
# Visual Studio Version 17
VisualStudioVersion = 17.6.33829.357
MinimumVisualStudioVersion = 10.0.40219.1
Project("{FAE04EC0-301F-11D3-BF4B-00C04F79EFBC}") = "01_MainSubjects", "01_MainSubjects\01_MainSubjects.csproj", "{2F78C188-1528-42BF-B3DF-D5ADC9581B39}"
EndProject
Project("{FAE04EC0-301F-11D3-BF4B-00C04F79EFBC}") = "02_Variables", "02_Variables\02_Variables.csproj", "{C25D1E5A-E5A4-4DA7-A879-0FE2885725B5}"
EndProject
Project("{FAE04EC0-301F-11D3-BF4B-00C04F79EFBC}") = "03_MakingDecision", "03_MakingDecision\03_MakingDecision.csproj", "{5C6D20B4-1B29-43A5-9ED8-0DC777031391}"
EndProject
Project("{FAE04EC0-301F-11D3-BF4B-00C04F79EFBC}") = "04_Loops", "04_Loops\04_Loops.csproj", "{DB2CF4B0-FE48-4D6C-A596-C93D3A6B1F32}"
EndProject
Project("{FAE04EC0-301F-11D3-BF4B-00C04F79EFBC}") = "05_LoopsWithStars", "05_LoopsWithStars\05_LoopsWithStars.csproj", "{41F4E45F-EF45-4187-A45E-6EDE0FF16F89}"
EndProject
Project("{FAE04EC0-301F-11D3-BF4B-00C04F79EFBC}") = "06_Arrays", "06_Arrays\06_Arrays.csproj", "{34CF710C-4E90-4BC3-8F8D-9DF2FE8B43A0}"
EndProject
Project("{FAE04EC0-301F-11D3-BF4B-00C04F79EFBC}") = "07_ForeachLoop", "07_ForeachLoop\07_ForeachLoop.csproj", "{FA09DDEF-5EC5-4CE7-86A2-08D777591E7B}"
EndProject
Project("{FAE04EC0-301F-11D3-BF4B-00C04F79EFBC}") = "08_Methods", "08_Methods\08_Methods.csproj", "{9AFB3B01-F9B7-41B0-B60E-34F4C49C62FD}"
EndProject
Project("{FAE04EC0-301F-11D3-BF4B-00C04F79EFBC}") = "09_DatabaseProject", "09_DatabaseProject\09_DatabaseProject.csproj", "{3F966B01-D5BB-41CB-B96F-D5AF135C734A}"
EndProject
Project("{FAE04EC0-301F-11D3-BF4B-00C04F79EFBC}") = "10_DatabaseCrud", "10_DatabaseCrud\10_DatabaseCrud.csproj", "{532E4465-C8E4-439E-958A-67DEDD5350FE}"
EndProject
Global
	GlobalSection(SolutionConfigurationPlatforms) = preSolution
		Debug|Any CPU = Debug|Any CPU
		Release|Any CPU = Release|Any CPU
	EndGlobalSection
	GlobalSection(ProjectConfigurationPlatforms) = postSolution
		{2F78C188-1528-42BF-B3DF-D5ADC9581B39}.Debug|Any CPU.ActiveCfg = Debug|Any CPU
		{2F78C188-1528-42BF-B3DF-D5ADC9581B39}.Debug|Any CPU.Build.0 = Debug|Any CPU
		{2F78C188-1528-42BF-B3DF-D5ADC9581B39}.Release|Any CPU.ActiveCfg = Release|Any CPU
		{2F78C188-1528-42BF-B3DF-D5ADC9581B39}.Release|Any CPU.Build.0 = Release|Any CPU
		{C25D1E5A-E5A4-4DA7-A879-0FE2885725B5}.Debug|Any CPU.ActiveCfg = Debug|Any CPU
		{C25D1E5A-E5A4-4DA7-A879-0FE2885725B5}.Debug|Any CPU.Build.0 = Debug|Any CPU
		{C25D1E5A-E5A4-4DA7-A879-0FE2885725B5}.Release|Any CPU.ActiveCfg = Release|Any CPU
		{C25D1E5A-E5A4-4DA7-A879-0FE2885725B5}.Release|Any CPU.Build.0 = Release|Any CPU
		{5C6D20B4-1B29-43A5-9ED8-0DC777031391}.Debug|Any CPU.ActiveCfg = Debug|Any CPU
		{5C6D20B4-1B29-43A5-9ED8-0DC777031391}.Debug|Any CPU.Build.0 = Debug|Any CPU
		{5C6D20B4-1B29-43A5-9ED8-0DC777031391}.Release|Any CPU.ActiveCfg = Release|Any CPU
		{5C6D20B4-1B29-43A5-9ED8-0DC777031391}.Release|Any CPU.Build.0 = Release|Any CPU
		{DB2CF4B0-FE48-4D6C-A596-C93D3A6B1F32}.Debug|Any CPU.ActiveCfg = Debug|Any CPU
		{DB2CF4B0-FE48-4D6C-A596-C93D3A6B1F32}.Debug|Any CPU.Build.0 = Debug|Any CPU
		{DB2CF4B0-FE48-4D6C-A596-C93D3A6B1F32}.Release|Any CPU.ActiveCfg = Release|Any CPU
		{DB2CF4B0-FE48-4D6C-A596-C93D3A6B1F32}.Release|Any CPU.Build.0 = Release|Any CPU
		{41F4E45F-EF45-4187-A45E-6EDE0FF16F89}.Debug|Any CPU.ActiveCfg = Debug|Any CPU
		{41F4E45F-EF45-4187-A45E-6EDE0FF16F89}.Debug|Any CPU.Build.0 = Debug|Any CPU
		{41F4E45F-EF45-4187-A45E-6EDE0FF16F89}.Release|Any CPU.ActiveCfg = Release|Any CPU
		{41F4E45F-EF45-4187-A45E-6EDE0FF16F89}.Release|Any CPU.Build.0 = Release|Any CPU
		{34CF710C-4E90-4BC3-8F8D-9DF2FE8B43A0}.Debug|Any CPU.ActiveCfg = Debug|Any CPU
		{34CF710C-4E90-4BC3-8F8D-9DF2FE8B43A0}.Debug|Any CPU.Build.0 = Debug|Any CPU
		{34CF710C-4E90-4BC3-8F8D-9DF2FE8B43A0}.Release|Any CPU.ActiveCfg = Release|Any CPU
		{34CF710C-4E90-4BC3-8F8D-9DF2FE8B43A0}.Release|Any CPU.Build.0 = Release|Any CPU
		{FA09DDEF-5EC5-4CE7-86A2-08D777591E7B}.Debug|Any CPU.ActiveCfg = Debug|Any CPU
		{FA09DDEF-5EC5-4CE7-86A2-08D777591E7B}.Debug|Any CPU.Build.0 = Debug|Any CPU
		{FA09DDEF-5EC5-4CE7-86A2-08D777591E7B}.Release|Any CPU.ActiveCfg = Release|Any CPU
		{FA09DDEF-5EC5-4CE7-86A2-08D777591E7B}.Release|Any CPU.Build.0 = Release|Any CPU
		{9AFB3B01-F9B7-41B0-B60E-34F4C49C62FD}.Debug|Any CPU.ActiveCfg = Debug|Any CPU
		{9AFB3B01-F9B7-41B0-B60E-34F4C49C62FD}.Debug|Any CPU.Build.0 = Debug|Any CPU
		{9AFB3B01-F9B7-41B0-B60E-34F4C49C62FD}.Release|Any CPU.ActiveCfg = Release|Any CPU
		{9AFB3B01-F9B7-41B0-B60E-34F4C49C62FD}.Release|Any CPU.Build.0 = Release|Any CPU
		{3F966B01-D5BB-41CB-B96F-D5AF135C734A}.Debug|Any CPU.ActiveCfg = Debug|Any CPU
		{3F966B01-D5BB-41CB-B96F-D5AF135C734A}.Debug|Any CPU.Build.0 = Debug|Any CPU
		{3F966B01-D5BB-41CB-B96F-D5AF135C734A}.Release|Any CPU.ActiveCfg = Release|Any CPU
		{3F966B01-D5BB-41CB-B96F-D5AF135C734A}.Release|Any CPU.Build.0 = Release|Any CPU
		{532E4465-C8E4-439E-958A-67DEDD5350FE}.Debug|Any CPU.ActiveCfg = Debug|Any CPU
		{532E4465-C8E4-439E-958A-67DEDD5350FE}.Debug|Any CPU.Build.0 = Debug|Any CPU
		{532E4465-C8E4-439E-958A-67DEDD5350FE}.Release|Any CPU.ActiveCfg = Release|Any CPU
		{532E4465-C8E4-439E-958A-67DEDD5350FE}.Release|Any CPU.Build.0 = Release|Any CPU
	EndGlobalSection
	GlobalSection(SolutionProperties) = preSolution
		HideSolutionNode = FALSE
	EndGlobalSection
	GlobalSection(ExtensibilityGlobals) = postSolution
		SolutionGuid = {CB266C93-020D-4051-B972-2B74A843F1AA}
	EndGlobalSection
EndGlobal
